// !$*UTF8*$!
{
	archiveVersion = 1;
	classes = {
	};
	objectVersion = 56;
	objects = {

/* Begin PBXBuildFile section */
		B9F1C56B28EF6C0500CC2B58 /* AppDelegate.m in Sources */ = {isa = PBXBuildFile; fileRef = B9F1C56A28EF6C0500CC2B58 /* AppDelegate.m */; };
		B9F1C56E28EF6C0500CC2B58 /* SceneDelegate.m in Sources */ = {isa = PBXBuildFile; fileRef = B9F1C56D28EF6C0500CC2B58 /* SceneDelegate.m */; };
		B9F1C57128EF6C0500CC2B58 /* ViewController.m in Sources */ = {isa = PBXBuildFile; fileRef = B9F1C57028EF6C0500CC2B58 /* ViewController.m */; };
		B9F1C57428EF6C0500CC2B58 /* Main.storyboard in Resources */ = {isa = PBXBuildFile; fileRef = B9F1C57228EF6C0500CC2B58 /* Main.storyboard */; };
		B9F1C57628EF6C0600CC2B58 /* Assets.xcassets in Resources */ = {isa = PBXBuildFile; fileRef = B9F1C57528EF6C0600CC2B58 /* Assets.xcassets */; };
		B9F1C57928EF6C0600CC2B58 /* LaunchScreen.storyboard in Resources */ = {isa = PBXBuildFile; fileRef = B9F1C57728EF6C0600CC2B58 /* LaunchScreen.storyboard */; };
		B9F1C57C28EF6C0600CC2B58 /* main.m in Sources */ = {isa = PBXBuildFile; fileRef = B9F1C57B28EF6C0600CC2B58 /* main.m */; };
/* End PBXBuildFile section */

/* Begin PBXFileReference section */
		B9F1C56628EF6C0500CC2B58 /* PredicateFunctionGtaphScratchPad.app */ = {isa = PBXFileReference; explicitFileType = wrapper.application; includeInIndex = 0; path = PredicateFunctionGtaphScratchPad.app; sourceTree = BUILT_PRODUCTS_DIR; };
		B9F1C56928EF6C0500CC2B58 /* AppDelegate.h */ = {isa = PBXFileReference; lastKnownFileType = sourcecode.c.h; path = AppDelegate.h; sourceTree = "<group>"; };
		B9F1C56A28EF6C0500CC2B58 /* AppDelegate.m */ = {isa = PBXFileReference; lastKnownFileType = sourcecode.c.objc; path = AppDelegate.m; sourceTree = "<group>"; };
		B9F1C56C28EF6C0500CC2B58 /* SceneDelegate.h */ = {isa = PBXFileReference; lastKnownFileType = sourcecode.c.h; path = SceneDelegate.h; sourceTree = "<group>"; };
		B9F1C56D28EF6C0500CC2B58 /* SceneDelegate.m */ = {isa = PBXFileReference; lastKnownFileType = sourcecode.c.objc; path = SceneDelegate.m; sourceTree = "<group>"; };
		B9F1C56F28EF6C0500CC2B58 /* ViewController.h */ = {isa = PBXFileReference; lastKnownFileType = sourcecode.c.h; path = ViewController.h; sourceTree = "<group>"; };
		B9F1C57028EF6C0500CC2B58 /* ViewController.m */ = {isa = PBXFileReference; lastKnownFileType = sourcecode.c.objc; path = ViewController.m; sourceTree = "<group>"; wrapsLines = 0; };
		B9F1C57328EF6C0500CC2B58 /* Base */ = {isa = PBXFileReference; lastKnownFileType = file.storyboard; name = Base; path = Base.lproj/Main.storyboard; sourceTree = "<group>"; };
		B9F1C57528EF6C0600CC2B58 /* Assets.xcassets */ = {isa = PBXFileReference; lastKnownFileType = folder.assetcatalog; path = Assets.xcassets; sourceTree = "<group>"; };
		B9F1C57828EF6C0600CC2B58 /* Base */ = {isa = PBXFileReference; lastKnownFileType = file.storyboard; name = Base; path = Base.lproj/LaunchScreen.storyboard; sourceTree = "<group>"; };
		B9F1C57A28EF6C0600CC2B58 /* Info.plist */ = {isa = PBXFileReference; lastKnownFileType = text.plist.xml; path = Info.plist; sourceTree = "<group>"; };
		B9F1C57B28EF6C0600CC2B58 /* main.m */ = {isa = PBXFileReference; lastKnownFileType = sourcecode.c.objc; path = main.m; sourceTree = "<group>"; };
/* End PBXFileReference section */

/* Begin PBXFrameworksBuildPhase section */
		B9F1C56328EF6C0500CC2B58 /* Frameworks */ = {
			isa = PBXFrameworksBuildPhase;
			buildActionMask = 2147483647;
			files = (
			);
			runOnlyForDeploymentPostprocessing = 0;
		};
/* End PBXFrameworksBuildPhase section */

/* Begin PBXGroup section */
		B9F1C55D28EF6C0500CC2B58 = {
			isa = PBXGroup;
			children = (
				B9F1C56828EF6C0500CC2B58 /* PredicateFunctionGtaphScratchPad */,
				B9F1C56728EF6C0500CC2B58 /* Products */,
			);
			sourceTree = "<group>";
		};
		B9F1C56728EF6C0500CC2B58 /* Products */ = {
			isa = PBXGroup;
			children = (
				B9F1C56628EF6C0500CC2B58 /* PredicateFunctionGtaphScratchPad.app */,
			);
			name = Products;
			sourceTree = "<group>";
		};
		B9F1C56828EF6C0500CC2B58 /* PredicateFunctionGtaphScratchPad */ = {
			isa = PBXGroup;
			children = (
				B9F1C56928EF6C0500CC2B58 /* AppDelegate.h */,
				B9F1C56A28EF6C0500CC2B58 /* AppDelegate.m */,
				B9F1C56C28EF6C0500CC2B58 /* SceneDelegate.h */,
				B9F1C56D28EF6C0500CC2B58 /* SceneDelegate.m */,
				B9F1C56F28EF6C0500CC2B58 /* ViewController.h */,
				B9F1C57028EF6C0500CC2B58 /* ViewController.m */,
				B9F1C57228EF6C0500CC2B58 /* Main.storyboard */,
				B9F1C57528EF6C0600CC2B58 /* Assets.xcassets */,
				B9F1C57728EF6C0600CC2B58 /* LaunchScreen.storyboard */,
				B9F1C57A28EF6C0600CC2B58 /* Info.plist */,
				B9F1C57B28EF6C0600CC2B58 /* main.m */,
			);
			path = PredicateFunctionGtaphScratchPad;
			sourceTree = "<group>";
		};
/* End PBXGroup section */

/* Begin PBXNativeTarget section */
		B9F1C56528EF6C0500CC2B58 /* PredicateFunctionGtaphScratchPad */ = {
			isa = PBXNativeTarget;
			buildConfigurationList = B9F1C57F28EF6C0600CC2B58 /* Build configuration list for PBXNativeTarget "PredicateFunctionGtaphScratchPad" */;
			buildPhases = (
				B9F1C56228EF6C0500CC2B58 /* Sources */,
				B9F1C56328EF6C0500CC2B58 /* Frameworks */,
				B9F1C56428EF6C0500CC2B58 /* Resources */,
			);
			buildRules = (
			);
			dependencies = (
			);
			name = PredicateFunctionGtaphScratchPad;
			productName = PredicateFunctionGtaphScratchPad;
			productReference = B9F1C56628EF6C0500CC2B58 /* PredicateFunctionGtaphScratchPad.app */;
			productType = "com.apple.product-type.application";
		};
/* End PBXNativeTarget section */

/* Begin PBXProject section */
		B9F1C55E28EF6C0500CC2B58 /* Project object */ = {
			isa = PBXProject;
			attributes = {
				BuildIndependentTargetsInParallel = 1;
				LastUpgradeCheck = 1400;
				TargetAttributes = {
					B9F1C56528EF6C0500CC2B58 = {
						CreatedOnToolsVersion = 14.0.1;
					};
				};
			};
			buildConfigurationList = B9F1C56128EF6C0500CC2B58 /* Build configuration list for PBXProject "PredicateFunctionGtaphScratchPad" */;
			compatibilityVersion = "Xcode 14.0";
			developmentRegion = en;
			hasScannedForEncodings = 0;
			knownRegions = (
				en,
				Base,
			);
			mainGroup = B9F1C55D28EF6C0500CC2B58;
			productRefGroup = B9F1C56728EF6C0500CC2B58 /* Products */;
			projectDirPath = "";
			projectRoot = "";
			targets = (
				B9F1C56528EF6C0500CC2B58 /* PredicateFunctionGtaphScratchPad */,
			);
		};
/* End PBXProject section */

/* Begin PBXResourcesBuildPhase section */
		B9F1C56428EF6C0500CC2B58 /* Resources */ = {
			isa = PBXResourcesBuildPhase;
			buildActionMask = 2147483647;
			files = (
				B9F1C57928EF6C0600CC2B58 /* LaunchScreen.storyboard in Resources */,
				B9F1C57628EF6C0600CC2B58 /* Assets.xcassets in Resources */,
				B9F1C57428EF6C0500CC2B58 /* Main.storyboard in Resources */,
			);
			runOnlyForDeploymentPostprocessing = 0;
		};
/* End PBXResourcesBuildPhase section */

/* Begin PBXSourcesBuildPhase section */
		B9F1C56228EF6C0500CC2B58 /* Sources */ = {
			isa = PBXSourcesBuildPhase;
			buildActionMask = 2147483647;
			files = (
				B9F1C57128EF6C0500CC2B58 /* ViewController.m in Sources */,
				B9F1C56B28EF6C0500CC2B58 /* AppDelegate.m in Sources */,
				B9F1C57C28EF6C0600CC2B58 /* main.m in Sources */,
				B9F1C56E28EF6C0500CC2B58 /* SceneDelegate.m in Sources */,
			);
			runOnlyForDeploymentPostprocessing = 0;
		};
/* End PBXSourcesBuildPhase section */

/* Begin PBXVariantGroup section */
		B9F1C57228EF6C0500CC2B58 /* Main.storyboard */ = {
			isa = PBXVariantGroup;
			children = (
				B9F1C57328EF6C0500CC2B58 /* Base */,
			);
			name = Main.storyboard;
			sourceTree = "<group>";
		};
		B9F1C57728EF6C0600CC2B58 /* LaunchScreen.storyboard */ = {
			isa = PBXVariantGroup;
			children = (
				B9F1C57828EF6C0600CC2B58 /* Base */,
			);
			name = LaunchScreen.storyboard;
			sourceTree = "<group>";
		};
/* End PBXVariantGroup section */

/* Begin XCBuildConfiguration section */
		B9F1C57D28EF6C0600CC2B58 /* Debug */ = {
			isa = XCBuildConfiguration;
			buildSettings = {
				ALWAYS_SEARCH_USER_PATHS = NO;
				CLANG_ANALYZER_NONNULL = YES;
				CLANG_ANALYZER_NUMBER_OBJECT_CONVERSION = YES_AGGRESSIVE;
				CLANG_CXX_LANGUAGE_STANDARD = "gnu++20";
				CLANG_ENABLE_MODULES = YES;
				CLANG_ENABLE_OBJC_ARC = YES;
				CLANG_ENABLE_OBJC_WEAK = YES;
				CLANG_WARN_BLOCK_CAPTURE_AUTORELEASING = YES;
				CLANG_WARN_BOOL_CONVERSION = YES;
				CLANG_WARN_COMMA = YES;
				CLANG_WARN_CONSTANT_CONVERSION = YES;
				CLANG_WARN_DEPRECATED_OBJC_IMPLEMENTATIONS = YES;
				CLANG_WARN_DIRECT_OBJC_ISA_USAGE = YES_ERROR;
				CLANG_WARN_DOCUMENTATION_COMMENTS = YES;
				CLANG_WARN_EMPTY_BODY = YES;
				CLANG_WARN_ENUM_CONVERSION = YES;
				CLANG_WARN_INFINITE_RECURSION = YES;
				CLANG_WARN_INT_CONVERSION = YES;
				CLANG_WARN_NON_LITERAL_NULL_CONVERSION = YES;
				CLANG_WARN_OBJC_IMPLICIT_RETAIN_SELF = YES;
				CLANG_WARN_OBJC_LITERAL_CONVERSION = YES;
				CLANG_WARN_OBJC_ROOT_CLASS = YES_ERROR;
				CLANG_WARN_QUOTED_INCLUDE_IN_FRAMEWORK_HEADER = YES;
				CLANG_WARN_RANGE_LOOP_ANALYSIS = YES;
				CLANG_WARN_STRICT_PROTOTYPES = YES;
				CLANG_WARN_SUSPICIOUS_MOVE = YES;
				CLANG_WARN_UNGUARDED_AVAILABILITY = YES_AGGRESSIVE;
				CLANG_WARN_UNREACHABLE_CODE = YES;
				CLANG_WARN__DUPLICATE_METHOD_MATCH = YES;
				COPY_PHASE_STRIP = NO;
				DEBUG_INFORMATION_FORMAT = dwarf;
				ENABLE_STRICT_OBJC_MSGSEND = YES;
				ENABLE_TESTABILITY = YES;
				GCC_C_LANGUAGE_STANDARD = gnu11;
				GCC_DYNAMIC_NO_PIC = NO;
				GCC_NO_COMMON_BLOCKS = YES;
				GCC_OPTIMIZATION_LEVEL = 0;
				GCC_PREPROCESSOR_DEFINITIONS = (
					"DEBUG=1",
					"$(inherited)",
				);
				GCC_WARN_64_TO_32_BIT_CONVERSION = YES;
				GCC_WARN_ABOUT_RETURN_TYPE = YES_ERROR;
				GCC_WARN_UNDECLARED_SELECTOR = YES;
				GCC_WARN_UNINITIALIZED_AUTOS = YES_AGGRESSIVE;
				GCC_WARN_UNUSED_FUNCTION = YES;
				GCC_WARN_UNUSED_VARIABLE = YES;
				IPHONEOS_DEPLOYMENT_TARGET = 16.0;
				MTL_ENABLE_DEBUG_INFO = INCLUDE_SOURCE;
				MTL_FAST_MATH = YES;
				ONLY_ACTIVE_ARCH = YES;
				SDKROOT = iphoneos;
			};
			name = Debug;
		};
		B9F1C57E28EF6C0600CC2B58 /* Release */ = {
			isa = XCBuildConfiguration;
			buildSettings = {
				ALWAYS_SEARCH_USER_PATHS = NO;
				CLANG_ANALYZER_NONNULL = YES;
				CLANG_ANALYZER_NUMBER_OBJECT_CONVERSION = YES_AGGRESSIVE;
				CLANG_CXX_LANGUAGE_STANDARD = "gnu++20";
				CLANG_ENABLE_MODULES = YES;
				CLANG_ENABLE_OBJC_ARC = YES;
				CLANG_ENABLE_OBJC_WEAK = YES;
				CLANG_WARN_BLOCK_CAPTURE_AUTORELEASING = YES;
				CLANG_WARN_BOOL_CONVERSION = YES;
				CLANG_WARN_COMMA = YES;
				CLANG_WARN_CONSTANT_CONVERSION = YES;
				CLANG_WARN_DEPRECATED_OBJC_IMPLEMENTATIONS = YES;
				CLANG_WARN_DIRECT_OBJC_ISA_USAGE = YES_ERROR;
				CLANG_WARN_DOCUMENTATION_COMMENTS = YES;
				CLANG_WARN_EMPTY_BODY = YES;
				CLANG_WARN_ENUM_CONVERSION = YES;
				CLANG_WARN_INFINITE_RECURSION = YES;
				CLANG_WARN_INT_CONVERSION = YES;
				CLANG_WARN_NON_LITERAL_NULL_CONVERSION = YES;
				CLANG_WARN_OBJC_IMPLICIT_RETAIN_SELF = YES;
				CLANG_WARN_OBJC_LITERAL_CONVERSION = YES;
				CLANG_WARN_OBJC_ROOT_CLASS = YES_ERROR;
				CLANG_WARN_QUOTED_INCLUDE_IN_FRAMEWORK_HEADER = YES;
				CLANG_WARN_RANGE_LOOP_ANALYSIS = YES;
				CLANG_WARN_STRICT_PROTOTYPES = YES;
				CLANG_WARN_SUSPICIOUS_MOVE = YES;
				CLANG_WARN_UNGUARDED_AVAILABILITY = YES_AGGRESSIVE;
				CLANG_WARN_UNREACHABLE_CODE = YES;
				CLANG_WARN__DUPLICATE_METHOD_MATCH = YES;
				COPY_PHASE_STRIP = NO;
				DEBUG_INFORMATION_FORMAT = "dwarf-with-dsym";
				ENABLE_NS_ASSERTIONS = NO;
				ENABLE_STRICT_OBJC_MSGSEND = YES;
				GCC_C_LANGUAGE_STANDARD = gnu11;
				GCC_NO_COMMON_BLOCKS = YES;
				GCC_WARN_64_TO_32_BIT_CONVERSION = YES;
				GCC_WARN_ABOUT_RETURN_TYPE = YES_ERROR;
				GCC_WARN_UNDECLARED_SELECTOR = YES;
				GCC_WARN_UNINITIALIZED_AUTOS = YES_AGGRESSIVE;
				GCC_WARN_UNUSED_FUNCTION = YES;
				GCC_WARN_UNUSED_VARIABLE = YES;
				IPHONEOS_DEPLOYMENT_TARGET = 16.0;
				MTL_ENABLE_DEBUG_INFO = NO;
				MTL_FAST_MATH = YES;
				SDKROOT = iphoneos;
				VALIDATE_PRODUCT = YES;
			};
			name = Release;
		};
		B9F1C58028EF6C0600CC2B58 /* Debug */ = {
			isa = XCBuildConfiguration;
			buildSettings = {
				ASSETCATALOG_COMPILER_APPICON_NAME = AppIcon;
				ASSETCATALOG_COMPILER_GLOBAL_ACCENT_COLOR_NAME = AccentColor;
				CODE_SIGN_STYLE = Automatic;
				CURRENT_PROJECT_VERSION = 1;
				DEVELOPMENT_TEAM = N9987K9442;
				GENERATE_INFOPLIST_FILE = YES;
				INFOPLIST_FILE = PredicateFunctionGtaphScratchPad/Info.plist;
				INFOPLIST_KEY_UIApplicationSupportsIndirectInputEvents = YES;
				INFOPLIST_KEY_UILaunchStoryboardName = LaunchScreen;
				INFOPLIST_KEY_UIMainStoryboardFile = Main;
				INFOPLIST_KEY_UISupportedInterfaceOrientations_iPad = "UIInterfaceOrientationPortrait UIInterfaceOrientationPortraitUpsideDown UIInterfaceOrientationLandscapeLeft UIInterfaceOrientationLandscapeRight";
				INFOPLIST_KEY_UISupportedInterfaceOrientations_iPhone = "UIInterfaceOrientationPortrait UIInterfaceOrientationLandscapeLeft UIInterfaceOrientationLandscapeRight";
				LD_RUNPATH_SEARCH_PATHS = (
					"$(inherited)",
					"@executable_path/Frameworks",
				);
				MARKETING_VERSION = 1.0;
				PRODUCT_BUNDLE_IDENTIFIER = com.blogspot.demonicactivity.bush.alan.james.PredicateFunctionGtaphScratchPad;
				PRODUCT_NAME = "$(TARGET_NAME)";
				SWIFT_EMIT_LOC_STRINGS = YES;
				TARGETED_DEVICE_FAMILY = "1,2";
			};
			name = Debug;
		};
		B9F1C58128EF6C0600CC2B58 /* Release */ = {
			isa = XCBuildConfiguration;
			buildSettings = {
				ASSETCATALOG_COMPILER_APPICON_NAME = AppIcon;
				ASSETCATALOG_COMPILER_GLOBAL_ACCENT_COLOR_NAME = AccentColor;
				CODE_SIGN_STYLE = Automatic;
				CURRENT_PROJECT_VERSION = 1;
				DEVELOPMENT_TEAM = N9987K9442;
				GENERATE_INFOPLIST_FILE = YES;
				INFOPLIST_FILE = PredicateFunctionGtaphScratchPad/Info.plist;
				INFOPLIST_KEY_UIApplicationSupportsIndirectInputEvents = YES;
				INFOPLIST_KEY_UILaunchStoryboardName = LaunchScreen;
				INFOPLIST_KEY_UIMainStoryboardFile = Main;
				INFOPLIST_KEY_UISupportedInterfaceOrientations_iPad = "UIInterfaceOrientationPortrait UIInterfaceOrientationPortraitUpsideDown UIInterfaceOrientationLandscapeLeft UIInterfaceOrientationLandscapeRight";
				INFOPLIST_KEY_UISupportedInterfaceOrientations_iPhone = "UIInterfaceOrientationPortrait UIInterfaceOrientationLandscapeLeft UIInterfaceOrientationLandscapeRight";
				LD_RUNPATH_SEARCH_PATHS = (
					"$(inherited)",
					"@executable_path/Frameworks",
				);
				MARKETING_VERSION = 1.0;
				PRODUCT_BUNDLE_IDENTIFIER = com.blogspot.demonicactivity.bush.alan.james.PredicateFunctionGtaphScratchPad;
				PRODUCT_NAME = "$(TARGET_NAME)";
				SWIFT_EMIT_LOC_STRINGS = YES;
				TARGETED_DEVICE_FAMILY = "1,2";
			};
			name = Release;
		};
/* End XCBuildConfiguration section */

/* Begin XCConfigurationList section */
		B9F1C56128EF6C0500CC2B58 /* Build configuration list for PBXProject "PredicateFunctionGtaphScratchPad" */ = {
			isa = XCConfigurationList;
			buildConfigurations = (
				B9F1C57D28EF6C0600CC2B58 /* Debug */,
				B9F1C57E28EF6C0600CC2B58 /* Release */,
			);
			defaultConfigurationIsVisible = 0;
			defaultConfigurationName = Release;
		};
		B9F1C57F28EF6C0600CC2B58 /* Build configuration list for PBXNativeTarget "PredicateFunctionGtaphScratchPad" */ = {
			isa = XCConfigurationList;
			buildConfigurations = (
				B9F1C58028EF6C0600CC2B58 /* Debug */,
				B9F1C58128EF6C0600CC2B58 /* Release */,
			);
			defaultConfigurationIsVisible = 0;
			defaultConfigurationName = Release;
		};
/* End XCConfigurationList section */
	};
	rootObject = B9F1C55E28EF6C0500CC2B58 /* Project object */;
}
